
Microsoft Visual Studio Solution File, Format Version 12.00
# Visual Studio Version 17
VisualStudioVersion = 17.9.34622.214
MinimumVisualStudioVersion = 10.0.40219.1
Project("{2150E333-8FDC-42A3-9474-1A3956D46DE8}") = "Core", "Core", "{D672CEAA-8E1E-40A2-8358-3869006353AF}"
EndProject
Project("{2150E333-8FDC-42A3-9474-1A3956D46DE8}") = "Infrastructure", "Infrastructure", "{32BD6083-4B6E-4716-892B-6F24AFF14B11}"
EndProject
Project("{2150E333-8FDC-42A3-9474-1A3956D46DE8}") = "Presentation", "Presentation", "{D9582AB2-4978-4F3B-99F3-B9F6EC0356DC}"
EndProject
Project("{9A19103F-16F7-4668-BE54-9A1E7A4F7556}") = "EsyaKira.Domain", "Core\EsyaKira.Domain\EsyaKira.Domain.csproj", "{D93D7E45-80E1-4AD6-88AB-B789550374F4}"
EndProject
Project("{9A19103F-16F7-4668-BE54-9A1E7A4F7556}") = "EsyaKira.Persistance", "Infrastructure\EsyaKira.Persistance\EsyaKira.Persistance.csproj", "{48300E3C-8B47-48CE-A130-860E9EA83325}"
EndProject
Project("{9A19103F-16F7-4668-BE54-9A1E7A4F7556}") = "EsyaKira.WebApi", "Presentation\EsyaKira.WebApi\EsyaKira.WebApi.csproj", "{2A8FE02B-EDDA-4CC3-A3A4-E9528A900DCC}"
EndProject
Project("{9A19103F-16F7-4668-BE54-9A1E7A4F7556}") = "EsyaKira.Application", "Core\EsyaKira.Application\EsyaKira.Application.csproj", "{E00CBF86-9E8E-4C66-B22D-D7B765D840DB}"
EndProject
Project("{2150E333-8FDC-42A3-9474-1A3956D46DE8}") = "Frontends", "Frontends", "{7A43DDB4-0419-4224-B772-84F612EFB665}"
EndProject
Project("{FAE04EC0-301F-11D3-BF4B-00C04F79EFBC}") = "EsyaKira.WebUI", "Frontends\EsyaKira.WebUI\EsyaKira.WebUI.csproj", "{73C48FE5-8D5D-48F1-B133-DD8752B08031}"
EndProject
Global
	GlobalSection(SolutionConfigurationPlatforms) = preSolution
		Debug|Any CPU = Debug|Any CPU
		Release|Any CPU = Release|Any CPU
	EndGlobalSection
	GlobalSection(ProjectConfigurationPlatforms) = postSolution
		{D93D7E45-80E1-4AD6-88AB-B789550374F4}.Debug|Any CPU.ActiveCfg = Debug|Any CPU
		{D93D7E45-80E1-4AD6-88AB-B789550374F4}.Debug|Any CPU.Build.0 = Debug|Any CPU
		{D93D7E45-80E1-4AD6-88AB-B789550374F4}.Release|Any CPU.ActiveCfg = Release|Any CPU
		{D93D7E45-80E1-4AD6-88AB-B789550374F4}.Release|Any CPU.Build.0 = Release|Any CPU
		{48300E3C-8B47-48CE-A130-860E9EA83325}.Debug|Any CPU.ActiveCfg = Debug|Any CPU
		{48300E3C-8B47-48CE-A130-860E9EA83325}.Debug|Any CPU.Build.0 = Debug|Any CPU
		{48300E3C-8B47-48CE-A130-860E9EA83325}.Release|Any CPU.ActiveCfg = Release|Any CPU
		{48300E3C-8B47-48CE-A130-860E9EA83325}.Release|Any CPU.Build.0 = Release|Any CPU
		{2A8FE02B-EDDA-4CC3-A3A4-E9528A900DCC}.Debug|Any CPU.ActiveCfg = Debug|Any CPU
		{2A8FE02B-EDDA-4CC3-A3A4-E9528A900DCC}.Debug|Any CPU.Build.0 = Debug|Any CPU
		{2A8FE02B-EDDA-4CC3-A3A4-E9528A900DCC}.Release|Any CPU.ActiveCfg = Release|Any CPU
		{2A8FE02B-EDDA-4CC3-A3A4-E9528A900DCC}.Release|Any CPU.Build.0 = Release|Any CPU
		{E00CBF86-9E8E-4C66-B22D-D7B765D840DB}.Debug|Any CPU.ActiveCfg = Debug|Any CPU
		{E00CBF86-9E8E-4C66-B22D-D7B765D840DB}.Debug|Any CPU.Build.0 = Debug|Any CPU
		{E00CBF86-9E8E-4C66-B22D-D7B765D840DB}.Release|Any CPU.ActiveCfg = Release|Any CPU
		{E00CBF86-9E8E-4C66-B22D-D7B765D840DB}.Release|Any CPU.Build.0 = Release|Any CPU
		{73C48FE5-8D5D-48F1-B133-DD8752B08031}.Debug|Any CPU.ActiveCfg = Debug|Any CPU
		{73C48FE5-8D5D-48F1-B133-DD8752B08031}.Debug|Any CPU.Build.0 = Debug|Any CPU
		{73C48FE5-8D5D-48F1-B133-DD8752B08031}.Release|Any CPU.ActiveCfg = Release|Any CPU
		{73C48FE5-8D5D-48F1-B133-DD8752B08031}.Release|Any CPU.Build.0 = Release|Any CPU
	EndGlobalSection
	GlobalSection(SolutionProperties) = preSolution
		HideSolutionNode = FALSE
	EndGlobalSection
	GlobalSection(NestedProjects) = preSolution
		{D93D7E45-80E1-4AD6-88AB-B789550374F4} = {D672CEAA-8E1E-40A2-8358-3869006353AF}
		{48300E3C-8B47-48CE-A130-860E9EA83325} = {32BD6083-4B6E-4716-892B-6F24AFF14B11}
		{2A8FE02B-EDDA-4CC3-A3A4-E9528A900DCC} = {D9582AB2-4978-4F3B-99F3-B9F6EC0356DC}
		{E00CBF86-9E8E-4C66-B22D-D7B765D840DB} = {D672CEAA-8E1E-40A2-8358-3869006353AF}
		{73C48FE5-8D5D-48F1-B133-DD8752B08031} = {7A43DDB4-0419-4224-B772-84F612EFB665}
	EndGlobalSection
	GlobalSection(ExtensibilityGlobals) = postSolution
		SolutionGuid = {C2835F3A-F3AB-4FD7-B71D-A6E21AFB1AA0}
	EndGlobalSection
EndGlobal
